{
  "name": "tz-geo-data",
  "version": "1.0.4",
  "lockfileVersion": 3,
  "requires": true,
  "packages": {
    "": {
      "name": "tz-geo-data",
      "version": "1.0.4",
      "license": "ISC",
      "dependencies": {
        "tz-geo-data": "^1.0.2"
      }
    },
    "node_modules/tz-geo-data": {
      "version": "1.0.2",
      "resolved": "https://registry.npmjs.org/tz-geo-data/-/tz-geo-data-1.0.2.tgz",
      "integrity": "sha512-tsji8xEtqEmgUd2r6z7b7nz5bHjeTh0C8CZpOWew7CeeifCBn2rFrPl3supsT2e2u/3kSKOZ+sw1Q+d+jJzgvQ==",
      "license": "ISC"
    }
  }
}
